{
    "_readme": [
        "This file locks the dependencies of your project to a known state",
        "Read more about it at https://getcomposer.org/doc/01-basic-usage.md#installing-dependencies",
        "This file is @generated automatically"
    ],
    "content-hash": "30d92d81fecadcb54fc8edc51473f7b8",
    "packages": [
        {
            "name": "qybercom/quark",
            "version": "dev-master",
            "source": {
                "type": "git",
                "url": "https://github.com/Qybercom/quark.git",
                "reference": "390301830f3b95cf440156743e9f95a956e54ea3"
            },
            "dist": {
                "type": "zip",
                "url": "https://api.github.com/repos/Qybercom/quark/zipball/390301830f3b95cf440156743e9f95a956e54ea3",
                "reference": "390301830f3b95cf440156743e9f95a956e54ea3",
                "shasum": ""
            },
            "require": {
                "php": ">=5.4"
            },
            "default-branch": true,
            "type": "library",
            "autoload": {
                "files": [
                    "Quark.php"
                ]
            },
            "notification-url": "https://packagist.org/downloads/",
            "license": [
                "LGPL-3.0-only"
            ],
            "description": "Quark is a PHP multipurpose framework, designed for using in complex projects",
            "support": {
                "issues": "https://github.com/Qybercom/quark/issues",
                "source": "https://github.com/Qybercom/quark/tree/master"
            },
            "time": "2023-09-08T03:05:13+00:00"
        }
    ],
    "packages-dev": [],
    "aliases": [],
    "minimum-stability": "stable",
    "stability-flags": {
        "qybercom/quark": 20
    },
    "prefer-stable": false,
    "prefer-lowest": false,
    "platform": [],
    "platform-dev": [],
    "plugin-api-version": "2.3.0"
}
